// !$*UTF8*$!
{
	archiveVersion = 1;
	classes = {
	};
	objectVersion = 51;
	objects = {

/* Begin PBXBuildFile section */
		77B6ED4132C583C1BE4A98BE /* Pods_testLocales.framework in Frameworks */ = {isa = PBXBuildFile; fileRef = 95B592212A605DF8F547035C /* Pods_testLocales.framework */; };
		FB3BB65D24F48646001D711B /* AppDelegate.swift in Sources */ = {isa = PBXBuildFile; fileRef = FB3BB65C24F48646001D711B /* AppDelegate.swift */; };
		FB3BB65F24F48646001D711B /* SceneDelegate.swift in Sources */ = {isa = PBXBuildFile; fileRef = FB3BB65E24F48646001D711B /* SceneDelegate.swift */; };
		FB3BB66424F48646001D711B /* Main.storyboard in Resources */ = {isa = PBXBuildFile; fileRef = FB3BB66224F48646001D711B /* Main.storyboard */; };
		FB3BB66624F48648001D711B /* Assets.xcassets in Resources */ = {isa = PBXBuildFile; fileRef = FB3BB66524F48648001D711B /* Assets.xcassets */; };
		FB3BB66924F48648001D711B /* LaunchScreen.storyboard in Resources */ = {isa = PBXBuildFile; fileRef = FB3BB66724F48648001D711B /* LaunchScreen.storyboard */; };
		FB3BB67624F488DC001D711B /* PharmaciesListViewController.swift in Sources */ = {isa = PBXBuildFile; fileRef = FB3BB67424F488DC001D711B /* PharmaciesListViewController.swift */; };
		FB3BB67724F488DC001D711B /* PharmaciesListViewController.xib in Resources */ = {isa = PBXBuildFile; fileRef = FB3BB67524F488DC001D711B /* PharmaciesListViewController.xib */; };
		FB3BB67A24F4896E001D711B /* PharmacyDetailViewController.swift in Sources */ = {isa = PBXBuildFile; fileRef = FB3BB67824F4896E001D711B /* PharmacyDetailViewController.swift */; };
		FB3BB67B24F4896E001D711B /* PharmacyDetailViewController.xib in Resources */ = {isa = PBXBuildFile; fileRef = FB3BB67924F4896E001D711B /* PharmacyDetailViewController.xib */; };
		FB3BB67E24F489B4001D711B /* LoginViewController.swift in Sources */ = {isa = PBXBuildFile; fileRef = FB3BB67C24F489B4001D711B /* LoginViewController.swift */; };
		FB3BB67F24F489B4001D711B /* LoginViewController.xib in Resources */ = {isa = PBXBuildFile; fileRef = FB3BB67D24F489B4001D711B /* LoginViewController.xib */; };
		FB3BB68324F48A22001D711B /* Pharmacy.swift in Sources */ = {isa = PBXBuildFile; fileRef = FB3BB68224F48A22001D711B /* Pharmacy.swift */; };
		FB3BB68624F498FF001D711B /* ApiConfiguration.swift in Sources */ = {isa = PBXBuildFile; fileRef = FB3BB68524F498FF001D711B /* ApiConfiguration.swift */; };
		FB3BB68824F49955001D711B /* Constants.swift in Sources */ = {isa = PBXBuildFile; fileRef = FB3BB68724F49955001D711B /* Constants.swift */; };
		FB3BB68D24F49CC1001D711B /* PharmaciesEndpoint.swift in Sources */ = {isa = PBXBuildFile; fileRef = FB3BB68C24F49CC1001D711B /* PharmaciesEndpoint.swift */; };
		FB3BB68F24F4A026001D711B /* PharmacyListPresenter.swift in Sources */ = {isa = PBXBuildFile; fileRef = FB3BB68E24F4A026001D711B /* PharmacyListPresenter.swift */; };
		FB3BB69124F4A120001D711B /* PharmaciesListView.swift in Sources */ = {isa = PBXBuildFile; fileRef = FB3BB69024F4A120001D711B /* PharmaciesListView.swift */; };
		FB3BB69324F4A5DE001D711B /* PharmaciesListDataSource.swift in Sources */ = {isa = PBXBuildFile; fileRef = FB3BB69224F4A5DE001D711B /* PharmaciesListDataSource.swift */; };
		FB3BB69624F4A6EC001D711B /* PharmacyTableViewCell.swift in Sources */ = {isa = PBXBuildFile; fileRef = FB3BB69424F4A6EC001D711B /* PharmacyTableViewCell.swift */; };
		FB3BB69724F4A6EC001D711B /* PharmacyTableViewCell.xib in Resources */ = {isa = PBXBuildFile; fileRef = FB3BB69524F4A6EC001D711B /* PharmacyTableViewCell.xib */; };
/* End PBXBuildFile section */

/* Begin PBXFileReference section */
		901BDB3E31BE55B997F2A9E9 /* Pods-testLocales.release.xcconfig */ = {isa = PBXFileReference; includeInIndex = 1; lastKnownFileType = text.xcconfig; name = "Pods-testLocales.release.xcconfig"; path = "Target Support Files/Pods-testLocales/Pods-testLocales.release.xcconfig"; sourceTree = "<group>"; };
		95B592212A605DF8F547035C /* Pods_testLocales.framework */ = {isa = PBXFileReference; explicitFileType = wrapper.framework; includeInIndex = 0; path = Pods_testLocales.framework; sourceTree = BUILT_PRODUCTS_DIR; };
		F317C6877F80B62F83C1300F /* Pods-testLocales.debug.xcconfig */ = {isa = PBXFileReference; includeInIndex = 1; lastKnownFileType = text.xcconfig; name = "Pods-testLocales.debug.xcconfig"; path = "Target Support Files/Pods-testLocales/Pods-testLocales.debug.xcconfig"; sourceTree = "<group>"; };
		FB3BB65924F48646001D711B /* testLocales.app */ = {isa = PBXFileReference; explicitFileType = wrapper.application; includeInIndex = 0; path = testLocales.app; sourceTree = BUILT_PRODUCTS_DIR; };
		FB3BB65C24F48646001D711B /* AppDelegate.swift */ = {isa = PBXFileReference; lastKnownFileType = sourcecode.swift; path = AppDelegate.swift; sourceTree = "<group>"; };
		FB3BB65E24F48646001D711B /* SceneDelegate.swift */ = {isa = PBXFileReference; lastKnownFileType = sourcecode.swift; path = SceneDelegate.swift; sourceTree = "<group>"; };
		FB3BB66324F48646001D711B /* Base */ = {isa = PBXFileReference; lastKnownFileType = file.storyboard; name = Base; path = Base.lproj/Main.storyboard; sourceTree = "<group>"; };
		FB3BB66524F48648001D711B /* Assets.xcassets */ = {isa = PBXFileReference; lastKnownFileType = folder.assetcatalog; path = Assets.xcassets; sourceTree = "<group>"; };
		FB3BB66824F48648001D711B /* Base */ = {isa = PBXFileReference; lastKnownFileType = file.storyboard; name = Base; path = Base.lproj/LaunchScreen.storyboard; sourceTree = "<group>"; };
		FB3BB66A24F48648001D711B /* Info.plist */ = {isa = PBXFileReference; lastKnownFileType = text.plist.xml; path = Info.plist; sourceTree = "<group>"; };
		FB3BB67424F488DC001D711B /* PharmaciesListViewController.swift */ = {isa = PBXFileReference; lastKnownFileType = sourcecode.swift; path = PharmaciesListViewController.swift; sourceTree = "<group>"; };
		FB3BB67524F488DC001D711B /* PharmaciesListViewController.xib */ = {isa = PBXFileReference; lastKnownFileType = file.xib; path = PharmaciesListViewController.xib; sourceTree = "<group>"; };
		FB3BB67824F4896E001D711B /* PharmacyDetailViewController.swift */ = {isa = PBXFileReference; lastKnownFileType = sourcecode.swift; path = PharmacyDetailViewController.swift; sourceTree = "<group>"; };
		FB3BB67924F4896E001D711B /* PharmacyDetailViewController.xib */ = {isa = PBXFileReference; lastKnownFileType = file.xib; path = PharmacyDetailViewController.xib; sourceTree = "<group>"; };
		FB3BB67C24F489B4001D711B /* LoginViewController.swift */ = {isa = PBXFileReference; lastKnownFileType = sourcecode.swift; path = LoginViewController.swift; sourceTree = "<group>"; };
		FB3BB67D24F489B4001D711B /* LoginViewController.xib */ = {isa = PBXFileReference; lastKnownFileType = file.xib; path = LoginViewController.xib; sourceTree = "<group>"; };
		FB3BB68224F48A22001D711B /* Pharmacy.swift */ = {isa = PBXFileReference; lastKnownFileType = sourcecode.swift; path = Pharmacy.swift; sourceTree = "<group>"; };
		FB3BB68524F498FF001D711B /* ApiConfiguration.swift */ = {isa = PBXFileReference; lastKnownFileType = sourcecode.swift; path = ApiConfiguration.swift; sourceTree = "<group>"; };
		FB3BB68724F49955001D711B /* Constants.swift */ = {isa = PBXFileReference; lastKnownFileType = sourcecode.swift; path = Constants.swift; sourceTree = "<group>"; };
		FB3BB68C24F49CC1001D711B /* PharmaciesEndpoint.swift */ = {isa = PBXFileReference; lastKnownFileType = sourcecode.swift; path = PharmaciesEndpoint.swift; sourceTree = "<group>"; };
		FB3BB68E24F4A026001D711B /* PharmacyListPresenter.swift */ = {isa = PBXFileReference; lastKnownFileType = sourcecode.swift; path = PharmacyListPresenter.swift; sourceTree = "<group>"; };
		FB3BB69024F4A120001D711B /* PharmaciesListView.swift */ = {isa = PBXFileReference; lastKnownFileType = sourcecode.swift; path = PharmaciesListView.swift; sourceTree = "<group>"; };
		FB3BB69224F4A5DE001D711B /* PharmaciesListDataSource.swift */ = {isa = PBXFileReference; lastKnownFileType = sourcecode.swift; path = PharmaciesListDataSource.swift; sourceTree = "<group>"; };
		FB3BB69424F4A6EC001D711B /* PharmacyTableViewCell.swift */ = {isa = PBXFileReference; lastKnownFileType = sourcecode.swift; path = PharmacyTableViewCell.swift; sourceTree = "<group>"; };
		FB3BB69524F4A6EC001D711B /* PharmacyTableViewCell.xib */ = {isa = PBXFileReference; lastKnownFileType = file.xib; path = PharmacyTableViewCell.xib; sourceTree = "<group>"; };
/* End PBXFileReference section */

/* Begin PBXFrameworksBuildPhase section */
		FB3BB65624F48646001D711B /* Frameworks */ = {
			isa = PBXFrameworksBuildPhase;
			buildActionMask = 2147483647;
			files = (
				77B6ED4132C583C1BE4A98BE /* Pods_testLocales.framework in Frameworks */,
			);
			runOnlyForDeploymentPostprocessing = 0;
		};
/* End PBXFrameworksBuildPhase section */

/* Begin PBXGroup section */
		160466FAD68A8803231EBE8D /* Frameworks */ = {
			isa = PBXGroup;
			children = (
				95B592212A605DF8F547035C /* Pods_testLocales.framework */,
			);
			name = Frameworks;
			sourceTree = "<group>";
		};
		7032B153186171A28FDC7BDC /* Pods */ = {
			isa = PBXGroup;
			children = (
				F317C6877F80B62F83C1300F /* Pods-testLocales.debug.xcconfig */,
				901BDB3E31BE55B997F2A9E9 /* Pods-testLocales.release.xcconfig */,
			);
			path = Pods;
			sourceTree = "<group>";
		};
		FB3BB65024F48646001D711B = {
			isa = PBXGroup;
			children = (
				FB3BB65B24F48646001D711B /* testLocales */,
				FB3BB65A24F48646001D711B /* Products */,
				7032B153186171A28FDC7BDC /* Pods */,
				160466FAD68A8803231EBE8D /* Frameworks */,
			);
			sourceTree = "<group>";
		};
		FB3BB65A24F48646001D711B /* Products */ = {
			isa = PBXGroup;
			children = (
				FB3BB65924F48646001D711B /* testLocales.app */,
			);
			name = Products;
			sourceTree = "<group>";
		};
		FB3BB65B24F48646001D711B /* testLocales */ = {
			isa = PBXGroup;
			children = (
				FB3BB68024F489E1001D711B /* Core */,
				FB3BB67024F4874C001D711B /* Scenes */,
				FB3BB65C24F48646001D711B /* AppDelegate.swift */,
				FB3BB65E24F48646001D711B /* SceneDelegate.swift */,
				FB3BB66224F48646001D711B /* Main.storyboard */,
				FB3BB66524F48648001D711B /* Assets.xcassets */,
				FB3BB66724F48648001D711B /* LaunchScreen.storyboard */,
				FB3BB66A24F48648001D711B /* Info.plist */,
			);
			path = testLocales;
			sourceTree = "<group>";
		};
		FB3BB67024F4874C001D711B /* Scenes */ = {
			isa = PBXGroup;
			children = (
				FB3BB67324F487F5001D711B /* Login */,
				FB3BB67224F487EF001D711B /* PharmacyDetail */,
				FB3BB67124F487E6001D711B /* PharmaciesList */,
			);
			path = Scenes;
			sourceTree = "<group>";
		};
		FB3BB67124F487E6001D711B /* PharmaciesList */ = {
			isa = PBXGroup;
			children = (
				FB3BB69824F4A6F2001D711B /* Cells */,
				FB3BB67424F488DC001D711B /* PharmaciesListViewController.swift */,
				FB3BB67524F488DC001D711B /* PharmaciesListViewController.xib */,
				FB3BB68E24F4A026001D711B /* PharmacyListPresenter.swift */,
				FB3BB69024F4A120001D711B /* PharmaciesListView.swift */,
				FB3BB69224F4A5DE001D711B /* PharmaciesListDataSource.swift */,
			);
			path = PharmaciesList;
			sourceTree = "<group>";
		};
		FB3BB67224F487EF001D711B /* PharmacyDetail */ = {
			isa = PBXGroup;
			children = (
				FB3BB67824F4896E001D711B /* PharmacyDetailViewController.swift */,
				FB3BB67924F4896E001D711B /* PharmacyDetailViewController.xib */,
			);
			path = PharmacyDetail;
			sourceTree = "<group>";
		};
		FB3BB67324F487F5001D711B /* Login */ = {
			isa = PBXGroup;
			children = (
				FB3BB67C24F489B4001D711B /* LoginViewController.swift */,
				FB3BB67D24F489B4001D711B /* LoginViewController.xib */,
			);
			path = Login;
			sourceTree = "<group>";
		};
		FB3BB68024F489E1001D711B /* Core */ = {
			isa = PBXGroup;
			children = (
				FB3BB68424F48DED001D711B /* Networking */,
				FB3BB68124F48A0F001D711B /* Model Types */,
			);
			path = Core;
			sourceTree = "<group>";
		};
		FB3BB68124F48A0F001D711B /* Model Types */ = {
			isa = PBXGroup;
			children = (
				FB3BB68224F48A22001D711B /* Pharmacy.swift */,
			);
			path = "Model Types";
			sourceTree = "<group>";
		};
		FB3BB68424F48DED001D711B /* Networking */ = {
			isa = PBXGroup;
			children = (
				FB3BB68B24F49C82001D711B /* Endpoints */,
				FB3BB68524F498FF001D711B /* ApiConfiguration.swift */,
				FB3BB68724F49955001D711B /* Constants.swift */,
			);
			path = Networking;
			sourceTree = "<group>";
		};
		FB3BB68B24F49C82001D711B /* Endpoints */ = {
			isa = PBXGroup;
			children = (
				FB3BB68C24F49CC1001D711B /* PharmaciesEndpoint.swift */,
			);
			path = Endpoints;
			sourceTree = "<group>";
		};
		FB3BB69824F4A6F2001D711B /* Cells */ = {
			isa = PBXGroup;
			children = (
				FB3BB69424F4A6EC001D711B /* PharmacyTableViewCell.swift */,
				FB3BB69524F4A6EC001D711B /* PharmacyTableViewCell.xib */,
			);
			path = Cells;
			sourceTree = "<group>";
		};
/* End PBXGroup section */

/* Begin PBXNativeTarget section */
		FB3BB65824F48646001D711B /* testLocales */ = {
			isa = PBXNativeTarget;
			buildConfigurationList = FB3BB66D24F48648001D711B /* Build configuration list for PBXNativeTarget "testLocales" */;
			buildPhases = (
				E4BD35BB96A43353B5FF9505 /* [CP] Check Pods Manifest.lock */,
				FB3BB65524F48646001D711B /* Sources */,
				FB3BB65624F48646001D711B /* Frameworks */,
				FB3BB65724F48646001D711B /* Resources */,
				82D2FEDA633C4E7EC78F74F7 /* [CP] Embed Pods Frameworks */,
			);
			buildRules = (
			);
			dependencies = (
			);
			name = testLocales;
			productName = testLocales;
			productReference = FB3BB65924F48646001D711B /* testLocales.app */;
			productType = "com.apple.product-type.application";
		};
/* End PBXNativeTarget section */

/* Begin PBXProject section */
		FB3BB65124F48646001D711B /* Project object */ = {
			isa = PBXProject;
			attributes = {
				LastSwiftUpdateCheck = 1160;
				LastUpgradeCheck = 1160;
				ORGANIZATIONNAME = "Rodrigo Astorga";
				TargetAttributes = {
					FB3BB65824F48646001D711B = {
						CreatedOnToolsVersion = 11.6;
					};
				};
			};
			buildConfigurationList = FB3BB65424F48646001D711B /* Build configuration list for PBXProject "testLocales" */;
			compatibilityVersion = "Xcode 9.3";
			developmentRegion = en;
			hasScannedForEncodings = 0;
			knownRegions = (
				en,
				Base,
			);
			mainGroup = FB3BB65024F48646001D711B;
			productRefGroup = FB3BB65A24F48646001D711B /* Products */;
			projectDirPath = "";
			projectRoot = "";
			targets = (
				FB3BB65824F48646001D711B /* testLocales */,
			);
		};
/* End PBXProject section */

/* Begin PBXResourcesBuildPhase section */
		FB3BB65724F48646001D711B /* Resources */ = {
			isa = PBXResourcesBuildPhase;
			buildActionMask = 2147483647;
			files = (
				FB3BB67724F488DC001D711B /* PharmaciesListViewController.xib in Resources */,
				FB3BB67B24F4896E001D711B /* PharmacyDetailViewController.xib in Resources */,
				FB3BB67F24F489B4001D711B /* LoginViewController.xib in Resources */,
				FB3BB69724F4A6EC001D711B /* PharmacyTableViewCell.xib in Resources */,
				FB3BB66924F48648001D711B /* LaunchScreen.storyboard in Resources */,
				FB3BB66624F48648001D711B /* Assets.xcassets in Resources */,
				FB3BB66424F48646001D711B /* Main.storyboard in Resources */,
			);
			runOnlyForDeploymentPostprocessing = 0;
		};
/* End PBXResourcesBuildPhase section */

/* Begin PBXShellScriptBuildPhase section */
		82D2FEDA633C4E7EC78F74F7 /* [CP] Embed Pods Frameworks */ = {
			isa = PBXShellScriptBuildPhase;
			buildActionMask = 2147483647;
			files = (
			);
			inputFileListPaths = (
				"${PODS_ROOT}/Target Support Files/Pods-testLocales/Pods-testLocales-frameworks-${CONFIGURATION}-input-files.xcfilelist",
			);
			name = "[CP] Embed Pods Frameworks";
			outputFileListPaths = (
				"${PODS_ROOT}/Target Support Files/Pods-testLocales/Pods-testLocales-frameworks-${CONFIGURATION}-output-files.xcfilelist",
			);
			runOnlyForDeploymentPostprocessing = 0;
			shellPath = /bin/sh;
			shellScript = "\"${PODS_ROOT}/Target Support Files/Pods-testLocales/Pods-testLocales-frameworks.sh\"\n";
			showEnvVarsInLog = 0;
		};
		E4BD35BB96A43353B5FF9505 /* [CP] Check Pods Manifest.lock */ = {
			isa = PBXShellScriptBuildPhase;
			buildActionMask = 2147483647;
			files = (
			);
			inputFileListPaths = (
			);
			inputPaths = (
				"${PODS_PODFILE_DIR_PATH}/Podfile.lock",
				"${PODS_ROOT}/Manifest.lock",
			);
			name = "[CP] Check Pods Manifest.lock";
			outputFileListPaths = (
			);
			outputPaths = (
				"$(DERIVED_FILE_DIR)/Pods-testLocales-checkManifestLockResult.txt",
			);
			runOnlyForDeploymentPostprocessing = 0;
			shellPath = /bin/sh;
			shellScript = "diff \"${PODS_PODFILE_DIR_PATH}/Podfile.lock\" \"${PODS_ROOT}/Manifest.lock\" > /dev/null\nif [ $? != 0 ] ; then\n    # print error to STDERR\n    echo \"error: The sandbox is not in sync with the Podfile.lock. Run 'pod install' or update your CocoaPods installation.\" >&2\n    exit 1\nfi\n# This output is used by Xcode 'outputs' to avoid re-running this script phase.\necho \"SUCCESS\" > \"${SCRIPT_OUTPUT_FILE_0}\"\n";
			showEnvVarsInLog = 0;
		};
/* End PBXShellScriptBuildPhase section */

/* Begin PBXSourcesBuildPhase section */
		FB3BB65524F48646001D711B /* Sources */ = {
			isa = PBXSourcesBuildPhase;
			buildActionMask = 2147483647;
			files = (
				FB3BB69624F4A6EC001D711B /* PharmacyTableViewCell.swift in Sources */,
				FB3BB68D24F49CC1001D711B /* PharmaciesEndpoint.swift in Sources */,
				FB3BB68F24F4A026001D711B /* PharmacyListPresenter.swift in Sources */,
				FB3BB68324F48A22001D711B /* Pharmacy.swift in Sources */,
				FB3BB69124F4A120001D711B /* PharmaciesListView.swift in Sources */,
				FB3BB67E24F489B4001D711B /* LoginViewController.swift in Sources */,
				FB3BB67624F488DC001D711B /* PharmaciesListViewController.swift in Sources */,
				FB3BB68624F498FF001D711B /* ApiConfiguration.swift in Sources */,
				FB3BB69324F4A5DE001D711B /* PharmaciesListDataSource.swift in Sources */,
				FB3BB67A24F4896E001D711B /* PharmacyDetailViewController.swift in Sources */,
				FB3BB65D24F48646001D711B /* AppDelegate.swift in Sources */,
				FB3BB65F24F48646001D711B /* SceneDelegate.swift in Sources */,
				FB3BB68824F49955001D711B /* Constants.swift in Sources */,
			);
			runOnlyForDeploymentPostprocessing = 0;
		};
/* End PBXSourcesBuildPhase section */

/* Begin PBXVariantGroup section */
		FB3BB66224F48646001D711B /* Main.storyboard */ = {
			isa = PBXVariantGroup;
			children = (
				FB3BB66324F48646001D711B /* Base */,
			);
			name = Main.storyboard;
			sourceTree = "<group>";
		};
		FB3BB66724F48648001D711B /* LaunchScreen.storyboard */ = {
			isa = PBXVariantGroup;
			children = (
				FB3BB66824F48648001D711B /* Base */,
			);
			name = LaunchScreen.storyboard;
			sourceTree = "<group>";
		};
/* End PBXVariantGroup section */

/* Begin XCBuildConfiguration section */
		FB3BB66B24F48648001D711B /* Debug */ = {
			isa = XCBuildConfiguration;
			buildSettings = {
				ALWAYS_SEARCH_USER_PATHS = NO;
				CLANG_ANALYZER_NONNULL = YES;
				CLANG_ANALYZER_NUMBER_OBJECT_CONVERSION = YES_AGGRESSIVE;
				CLANG_CXX_LANGUAGE_STANDARD = "gnu++14";
				CLANG_CXX_LIBRARY = "libc++";
				CLANG_ENABLE_MODULES = YES;
				CLANG_ENABLE_OBJC_ARC = YES;
				CLANG_ENABLE_OBJC_WEAK = YES;
				CLANG_WARN_BLOCK_CAPTURE_AUTORELEASING = YES;
				CLANG_WARN_BOOL_CONVERSION = YES;
				CLANG_WARN_COMMA = YES;
				CLANG_WARN_CONSTANT_CONVERSION = YES;
				CLANG_WARN_DEPRECATED_OBJC_IMPLEMENTATIONS = YES;
				CLANG_WARN_DIRECT_OBJC_ISA_USAGE = YES_ERROR;
				CLANG_WARN_DOCUMENTATION_COMMENTS = YES;
				CLANG_WARN_EMPTY_BODY = YES;
				CLANG_WARN_ENUM_CONVERSION = YES;
				CLANG_WARN_INFINITE_RECURSION = YES;
				CLANG_WARN_INT_CONVERSION = YES;
				CLANG_WARN_NON_LITERAL_NULL_CONVERSION = YES;
				CLANG_WARN_OBJC_IMPLICIT_RETAIN_SELF = YES;
				CLANG_WARN_OBJC_LITERAL_CONVERSION = YES;
				CLANG_WARN_OBJC_ROOT_CLASS = YES_ERROR;
				CLANG_WARN_RANGE_LOOP_ANALYSIS = YES;
				CLANG_WARN_STRICT_PROTOTYPES = YES;
				CLANG_WARN_SUSPICIOUS_MOVE = YES;
				CLANG_WARN_UNGUARDED_AVAILABILITY = YES_AGGRESSIVE;
				CLANG_WARN_UNREACHABLE_CODE = YES;
				CLANG_WARN__DUPLICATE_METHOD_MATCH = YES;
				COPY_PHASE_STRIP = NO;
				DEBUG_INFORMATION_FORMAT = dwarf;
				ENABLE_STRICT_OBJC_MSGSEND = YES;
				ENABLE_TESTABILITY = YES;
				GCC_C_LANGUAGE_STANDARD = gnu11;
				GCC_DYNAMIC_NO_PIC = NO;
				GCC_NO_COMMON_BLOCKS = YES;
				GCC_OPTIMIZATION_LEVEL = 0;
				GCC_PREPROCESSOR_DEFINITIONS = (
					"DEBUG=1",
					"$(inherited)",
				);
				GCC_WARN_64_TO_32_BIT_CONVERSION = YES;
				GCC_WARN_ABOUT_RETURN_TYPE = YES_ERROR;
				GCC_WARN_UNDECLARED_SELECTOR = YES;
				GCC_WARN_UNINITIALIZED_AUTOS = YES_AGGRESSIVE;
				GCC_WARN_UNUSED_FUNCTION = YES;
				GCC_WARN_UNUSED_VARIABLE = YES;
				IPHONEOS_DEPLOYMENT_TARGET = 13.6;
				MTL_ENABLE_DEBUG_INFO = INCLUDE_SOURCE;
				MTL_FAST_MATH = YES;
				ONLY_ACTIVE_ARCH = YES;
				SDKROOT = iphoneos;
				SWIFT_ACTIVE_COMPILATION_CONDITIONS = DEBUG;
				SWIFT_OPTIMIZATION_LEVEL = "-Onone";
			};
			name = Debug;
		};
		FB3BB66C24F48648001D711B /* Release */ = {
			isa = XCBuildConfiguration;
			buildSettings = {
				ALWAYS_SEARCH_USER_PATHS = NO;
				CLANG_ANALYZER_NONNULL = YES;
				CLANG_ANALYZER_NUMBER_OBJECT_CONVERSION = YES_AGGRESSIVE;
				CLANG_CXX_LANGUAGE_STANDARD = "gnu++14";
				CLANG_CXX_LIBRARY = "libc++";
				CLANG_ENABLE_MODULES = YES;
				CLANG_ENABLE_OBJC_ARC = YES;
				CLANG_ENABLE_OBJC_WEAK = YES;
				CLANG_WARN_BLOCK_CAPTURE_AUTORELEASING = YES;
				CLANG_WARN_BOOL_CONVERSION = YES;
				CLANG_WARN_COMMA = YES;
				CLANG_WARN_CONSTANT_CONVERSION = YES;
				CLANG_WARN_DEPRECATED_OBJC_IMPLEMENTATIONS = YES;
				CLANG_WARN_DIRECT_OBJC_ISA_USAGE = YES_ERROR;
				CLANG_WARN_DOCUMENTATION_COMMENTS = YES;
				CLANG_WARN_EMPTY_BODY = YES;
				CLANG_WARN_ENUM_CONVERSION = YES;
				CLANG_WARN_INFINITE_RECURSION = YES;
				CLANG_WARN_INT_CONVERSION = YES;
				CLANG_WARN_NON_LITERAL_NULL_CONVERSION = YES;
				CLANG_WARN_OBJC_IMPLICIT_RETAIN_SELF = YES;
				CLANG_WARN_OBJC_LITERAL_CONVERSION = YES;
				CLANG_WARN_OBJC_ROOT_CLASS = YES_ERROR;
				CLANG_WARN_RANGE_LOOP_ANALYSIS = YES;
				CLANG_WARN_STRICT_PROTOTYPES = YES;
				CLANG_WARN_SUSPICIOUS_MOVE = YES;
				CLANG_WARN_UNGUARDED_AVAILABILITY = YES_AGGRESSIVE;
				CLANG_WARN_UNREACHABLE_CODE = YES;
				CLANG_WARN__DUPLICATE_METHOD_MATCH = YES;
				COPY_PHASE_STRIP = NO;
				DEBUG_INFORMATION_FORMAT = "dwarf-with-dsym";
				ENABLE_NS_ASSERTIONS = NO;
				ENABLE_STRICT_OBJC_MSGSEND = YES;
				GCC_C_LANGUAGE_STANDARD = gnu11;
				GCC_NO_COMMON_BLOCKS = YES;
				GCC_WARN_64_TO_32_BIT_CONVERSION = YES;
				GCC_WARN_ABOUT_RETURN_TYPE = YES_ERROR;
				GCC_WARN_UNDECLARED_SELECTOR = YES;
				GCC_WARN_UNINITIALIZED_AUTOS = YES_AGGRESSIVE;
				GCC_WARN_UNUSED_FUNCTION = YES;
				GCC_WARN_UNUSED_VARIABLE = YES;
				IPHONEOS_DEPLOYMENT_TARGET = 13.6;
				MTL_ENABLE_DEBUG_INFO = NO;
				MTL_FAST_MATH = YES;
				SDKROOT = iphoneos;
				SWIFT_COMPILATION_MODE = wholemodule;
				SWIFT_OPTIMIZATION_LEVEL = "-O";
				VALIDATE_PRODUCT = YES;
			};
			name = Release;
		};
		FB3BB66E24F48648001D711B /* Debug */ = {
			isa = XCBuildConfiguration;
			baseConfigurationReference = F317C6877F80B62F83C1300F /* Pods-testLocales.debug.xcconfig */;
			buildSettings = {
				ASSETCATALOG_COMPILER_APPICON_NAME = AppIcon;
				CODE_SIGN_STYLE = Automatic;
				DEVELOPMENT_TEAM = MWN22WZZ3Z;
				INFOPLIST_FILE = testLocales/Info.plist;
				LD_RUNPATH_SEARCH_PATHS = (
					"$(inherited)",
					"@executable_path/Frameworks",
				);
				PRODUCT_BUNDLE_IDENTIFIER = com.rastorga.mobile.testLocales;
				PRODUCT_NAME = "$(TARGET_NAME)";
				SWIFT_VERSION = 5.0;
				TARGETED_DEVICE_FAMILY = "1,2";
			};
			name = Debug;
		};
		FB3BB66F24F48648001D711B /* Release */ = {
			isa = XCBuildConfiguration;
			baseConfigurationReference = 901BDB3E31BE55B997F2A9E9 /* Pods-testLocales.release.xcconfig */;
			buildSettings = {
				ASSETCATALOG_COMPILER_APPICON_NAME = AppIcon;
				CODE_SIGN_STYLE = Automatic;
				DEVELOPMENT_TEAM = MWN22WZZ3Z;
				INFOPLIST_FILE = testLocales/Info.plist;
				LD_RUNPATH_SEARCH_PATHS = (
					"$(inherited)",
					"@executable_path/Frameworks",
				);
				PRODUCT_BUNDLE_IDENTIFIER = com.rastorga.mobile.testLocales;
				PRODUCT_NAME = "$(TARGET_NAME)";
				SWIFT_VERSION = 5.0;
				TARGETED_DEVICE_FAMILY = "1,2";
			};
			name = Release;
		};
/* End XCBuildConfiguration section */

/* Begin XCConfigurationList section */
		FB3BB65424F48646001D711B /* Build configuration list for PBXProject "testLocales" */ = {
			isa = XCConfigurationList;
			buildConfigurations = (
				FB3BB66B24F48648001D711B /* Debug */,
				FB3BB66C24F48648001D711B /* Release */,
			);
			defaultConfigurationIsVisible = 0;
			defaultConfigurationName = Release;
		};
		FB3BB66D24F48648001D711B /* Build configuration list for PBXNativeTarget "testLocales" */ = {
			isa = XCConfigurationList;
			buildConfigurations = (
				FB3BB66E24F48648001D711B /* Debug */,
				FB3BB66F24F48648001D711B /* Release */,
			);
			defaultConfigurationIsVisible = 0;
			defaultConfigurationName = Release;
		};
/* End XCConfigurationList section */
	};
	rootObject = FB3BB65124F48646001D711B /* Project object */;
}
